
Microsoft Visual Studio Solution File, Format Version 12.00
# Visual Studio Version 17
VisualStudioVersion = 17.9.34902.65
MinimumVisualStudioVersion = 10.0.40219.1
Project("{2150E333-8FDC-42A3-9474-1A3956D46DE8}") = "src", "src", "{984BA891-3581-4421-A6CD-E3044FD6FE90}"
EndProject
Project("{2150E333-8FDC-42A3-9474-1A3956D46DE8}") = "test", "test", "{7D3A7AB3-314F-4A02-AE73-325D9C565AD7}"
EndProject
Project("{9A19103F-16F7-4668-BE54-9A1E7A4F7556}") = "RentIt.Domain", "RentIt.Domain\RentIt.Domain.csproj", "{AE14B29D-F27A-4FE1-AF5D-E26E7E8C2E76}"
EndProject
Project("{9A19103F-16F7-4668-BE54-9A1E7A4F7556}") = "RentIt.Application", "RentIt.Application\RentIt.Application.csproj", "{57873AE6-ACD8-441F-B652-B1E88E9A481A}"
EndProject
Project("{FAE04EC0-301F-11D3-BF4B-00C04F79EFBC}") = "RentIt.Infrastructure", "RentIt.Infrastructure\RentIt.Infrastructure.csproj", "{06971211-151E-4C67-AF0D-53C016449FFB}"
EndProject
Global
	GlobalSection(SolutionConfigurationPlatforms) = preSolution
		Debug|Any CPU = Debug|Any CPU
		Debug|x64 = Debug|x64
		Release|Any CPU = Release|Any CPU
		Release|x64 = Release|x64
	EndGlobalSection
	GlobalSection(ProjectConfigurationPlatforms) = postSolution
		{AE14B29D-F27A-4FE1-AF5D-E26E7E8C2E76}.Debug|Any CPU.ActiveCfg = Debug|Any CPU
		{AE14B29D-F27A-4FE1-AF5D-E26E7E8C2E76}.Debug|Any CPU.Build.0 = Debug|Any CPU
		{AE14B29D-F27A-4FE1-AF5D-E26E7E8C2E76}.Debug|x64.ActiveCfg = Debug|x64
		{AE14B29D-F27A-4FE1-AF5D-E26E7E8C2E76}.Debug|x64.Build.0 = Debug|x64
		{AE14B29D-F27A-4FE1-AF5D-E26E7E8C2E76}.Release|Any CPU.ActiveCfg = Release|Any CPU
		{AE14B29D-F27A-4FE1-AF5D-E26E7E8C2E76}.Release|Any CPU.Build.0 = Release|Any CPU
		{AE14B29D-F27A-4FE1-AF5D-E26E7E8C2E76}.Release|x64.ActiveCfg = Release|x64
		{AE14B29D-F27A-4FE1-AF5D-E26E7E8C2E76}.Release|x64.Build.0 = Release|x64
		{57873AE6-ACD8-441F-B652-B1E88E9A481A}.Debug|Any CPU.ActiveCfg = Debug|Any CPU
		{57873AE6-ACD8-441F-B652-B1E88E9A481A}.Debug|Any CPU.Build.0 = Debug|Any CPU
		{57873AE6-ACD8-441F-B652-B1E88E9A481A}.Debug|x64.ActiveCfg = Debug|Any CPU
		{57873AE6-ACD8-441F-B652-B1E88E9A481A}.Debug|x64.Build.0 = Debug|Any CPU
		{57873AE6-ACD8-441F-B652-B1E88E9A481A}.Release|Any CPU.ActiveCfg = Release|Any CPU
		{57873AE6-ACD8-441F-B652-B1E88E9A481A}.Release|Any CPU.Build.0 = Release|Any CPU
		{57873AE6-ACD8-441F-B652-B1E88E9A481A}.Release|x64.ActiveCfg = Release|Any CPU
		{57873AE6-ACD8-441F-B652-B1E88E9A481A}.Release|x64.Build.0 = Release|Any CPU
		{06971211-151E-4C67-AF0D-53C016449FFB}.Debug|Any CPU.ActiveCfg = Debug|Any CPU
		{06971211-151E-4C67-AF0D-53C016449FFB}.Debug|Any CPU.Build.0 = Debug|Any CPU
		{06971211-151E-4C67-AF0D-53C016449FFB}.Debug|x64.ActiveCfg = Debug|Any CPU
		{06971211-151E-4C67-AF0D-53C016449FFB}.Debug|x64.Build.0 = Debug|Any CPU
		{06971211-151E-4C67-AF0D-53C016449FFB}.Release|Any CPU.ActiveCfg = Release|Any CPU
		{06971211-151E-4C67-AF0D-53C016449FFB}.Release|Any CPU.Build.0 = Release|Any CPU
		{06971211-151E-4C67-AF0D-53C016449FFB}.Release|x64.ActiveCfg = Release|Any CPU
		{06971211-151E-4C67-AF0D-53C016449FFB}.Release|x64.Build.0 = Release|Any CPU
	EndGlobalSection
	GlobalSection(SolutionProperties) = preSolution
		HideSolutionNode = FALSE
	EndGlobalSection
	GlobalSection(NestedProjects) = preSolution
		{AE14B29D-F27A-4FE1-AF5D-E26E7E8C2E76} = {984BA891-3581-4421-A6CD-E3044FD6FE90}
		{57873AE6-ACD8-441F-B652-B1E88E9A481A} = {984BA891-3581-4421-A6CD-E3044FD6FE90}
		{06971211-151E-4C67-AF0D-53C016449FFB} = {984BA891-3581-4421-A6CD-E3044FD6FE90}
	EndGlobalSection
	GlobalSection(ExtensibilityGlobals) = postSolution
		SolutionGuid = {5ACCC41F-706C-4DBF-92C5-5142F228FE2D}
	EndGlobalSection
EndGlobal
